
Microsoft Visual Studio Solution File, Format Version 12.00
# Visual Studio Version 16
VisualStudioVersion = 16.0.31321.278
MinimumVisualStudioVersion = 10.0.40219.1
Project("{FAE04EC0-301F-11D3-BF4B-00C04F79EFBC}") = "lab1 cw2_sam", "lab1 cw2_sam\lab1 cw2_sam.csproj", "{930117E4-244C-4438-8CF1-A03770358227}"
EndProject
Global
	GlobalSection(SolutionConfigurationPlatforms) = preSolution
		Debug|Any CPU = Debug|Any CPU
		Release|Any CPU = Release|Any CPU
	EndGlobalSection
	GlobalSection(ProjectConfigurationPlatforms) = postSolution
		{930117E4-244C-4438-8CF1-A03770358227}.Debug|Any CPU.ActiveCfg = Debug|Any CPU
		{930117E4-244C-4438-8CF1-A03770358227}.Debug|Any CPU.Build.0 = Debug|Any CPU
		{930117E4-244C-4438-8CF1-A03770358227}.Release|Any CPU.ActiveCfg = Release|Any CPU
		{930117E4-244C-4438-8CF1-A03770358227}.Release|Any CPU.Build.0 = Release|Any CPU
	EndGlobalSection
	GlobalSection(SolutionProperties) = preSolution
		HideSolutionNode = FALSE
	EndGlobalSection
	GlobalSection(ExtensibilityGlobals) = postSolution
		SolutionGuid = {B21AD094-1C4C-459C-83BA-D31367184D45}
	EndGlobalSection
EndGlobal
