
Microsoft Visual Studio Solution File, Format Version 12.00
# Visual Studio Version 16
VisualStudioVersion = 16.0.31321.278
MinimumVisualStudioVersion = 10.0.40219.1
Project("{FAE04EC0-301F-11D3-BF4B-00C04F79EFBC}") = "lab1 cw1_sam", "lab1 cw1_sam\lab1 cw1_sam.csproj", "{2D90ED8F-73DF-4BBF-BBF7-79B04FD04310}"
EndProject
Global
	GlobalSection(SolutionConfigurationPlatforms) = preSolution
		Debug|Any CPU = Debug|Any CPU
		Release|Any CPU = Release|Any CPU
	EndGlobalSection
	GlobalSection(ProjectConfigurationPlatforms) = postSolution
		{2D90ED8F-73DF-4BBF-BBF7-79B04FD04310}.Debug|Any CPU.ActiveCfg = Debug|Any CPU
		{2D90ED8F-73DF-4BBF-BBF7-79B04FD04310}.Debug|Any CPU.Build.0 = Debug|Any CPU
		{2D90ED8F-73DF-4BBF-BBF7-79B04FD04310}.Release|Any CPU.ActiveCfg = Release|Any CPU
		{2D90ED8F-73DF-4BBF-BBF7-79B04FD04310}.Release|Any CPU.Build.0 = Release|Any CPU
	EndGlobalSection
	GlobalSection(SolutionProperties) = preSolution
		HideSolutionNode = FALSE
	EndGlobalSection
	GlobalSection(ExtensibilityGlobals) = postSolution
		SolutionGuid = {B3B3B6A0-D815-48D0-982D-FD91C9CC3B98}
	EndGlobalSection
EndGlobal
